PODS:
  - Flutter (1.0.0)
  - flutter_statusbarcolor_ns (0.0.1):
    - Flutter
  - libphonenumber_plugin (0.0.1):
    - Flutter
    - PhoneNumberKit
  - "otp_pin_field (1.2.0+2)":
    - Flutter
  - path_provider_foundation (0.0.1):
    - Flutter
    - FlutterMacOS
  - PhoneNumberKit (3.6.6):
    - PhoneNumberKit/PhoneNumberKitCore (= 3.6.6)
    - PhoneNumberKit/UIKit (= 3.6.6)
  - PhoneNumberKit/PhoneNumberKitCore (3.6.6)
  - PhoneNumberKit/UIKit (3.6.6):
    - PhoneNumberKit/PhoneNumberKitCore

DEPENDENCIES:
  - Flutter (from `Flutter`)
  - flutter_statusbarcolor_ns (from `.symlinks/plugins/flutter_statusbarcolor_ns/ios`)
  - libphonenumber_plugin (from `.symlinks/plugins/libphonenumber_plugin/ios`)
  - otp_pin_field (from `.symlinks/plugins/otp_pin_field/ios`)
  - path_provider_foundation (from `.symlinks/plugins/path_provider_foundation/darwin`)

SPEC REPOS:
  trunk:
    - PhoneNumberKit

EXTERNAL SOURCES:
  Flutter:
    :path: Flutter
  flutter_statusbarcolor_ns:
    :path: ".symlinks/plugins/flutter_statusbarcolor_ns/ios"
  libphonenumber_plugin:
    :path: ".symlinks/plugins/libphonenumber_plugin/ios"
  otp_pin_field:
    :path: ".symlinks/plugins/otp_pin_field/ios"
  path_provider_foundation:
    :path: ".symlinks/plugins/path_provider_foundation/darwin"

SPEC CHECKSUMS:
  Flutter: f04841e97a9d0b0a8025694d0796dd46242b2854
  flutter_statusbarcolor_ns: 68a360889d88d7915ae524e422aeab62e4063804
  libphonenumber_plugin: e8a7d64a6624a7c25f2c4ab0b7ead2a8e341e35e
  otp_pin_field: 0f0935fafc56252e6a48a5a045ac689b6bad3857
  path_provider_foundation: 29f094ae23ebbca9d3d0cec13889cd9060c0e943
  PhoneNumberKit: 5b1be7ee4955dfeeb855f51eecdd829ab24b3484

PODFILE CHECKSUM: 70d9d25280d0dd177a5f637cdb0f0b0b12c6a189

COCOAPODS: 1.11.3
